PODS:
  - Apollo (0.15.3):
    - Apollo/Core (= 0.15.3)
  - Apollo/Core (0.15.3)
  - RxApolloClient (1.1.0):
    - Apollo (~> 0.15.3)
    - RxSwift (>= 5.0)
  - RxCocoa (5.0.1):
    - RxRelay (~> 5)
    - RxSwift (~> 5)
  - RxOptional (4.1.0):
    - RxCocoa (~> 5)
    - RxSwift (~> 5)
  - RxRelay (5.0.1):
    - RxSwift (~> 5)
  - RxSwift (5.0.1)

DEPENDENCIES:
  - RxApolloClient (from `../`)
  - RxCocoa
  - RxOptional

SPEC REPOS:
  trunk:
    - Apollo
    - RxCocoa
    - RxOptional
    - RxRelay
    - RxSwift

EXTERNAL SOURCES:
  RxApolloClient:
    :path: "../"

SPEC CHECKSUMS:
  Apollo: bec38cb63711f7c3f3c7c2faae3be9139d2a8a57
  RxApolloClient: f048c574ed544c408bbb694dd6af4d7905f72806
  RxCocoa: e741b9749968e8a143e2b787f1dfbff2b63d0a5c
  RxOptional: b1fcd60856807a564c0215c2184b8d33e7826dc2
  RxRelay: 89d54507f4fd4d969e6ec1d4bd7f3673640b4640
  RxSwift: e2dc62b366a3adf6a0be44ba9f405efd4c94e0c4

PODFILE CHECKSUM: a6a8a96e3c6b8b26963edebc8f64a62d438bfefc

COCOAPODS: 1.8.0
