PODS:
  - Apollo (0.15.3):
    - Apollo/Core (= 0.15.3)
  - Apollo/Core (0.15.3)
  - RxApolloClient (1.1.0):
    - Apollo (~> 0.15.3)
    - RxSwift (>= 5.0)
  - RxCocoa (5.0.0):
    - RxRelay (~> 5)
    - RxSwift (~> 5)
  - RxOptional (4.0.0):
    - RxCocoa (~> 5)
    - RxSwift (~> 5)
  - RxRelay (5.0.0):
    - RxSwift (~> 5)
  - RxSwift (5.0.0)

DEPENDENCIES:
  - RxApolloClient (from `../`)
  - RxCocoa
  - RxOptional

SPEC REPOS:
  https://github.com/CocoaPods/Specs.git:
    - Apollo
    - RxCocoa
    - RxOptional
    - RxRelay
    - RxSwift

EXTERNAL SOURCES:
  RxApolloClient:
    :path: "../"

SPEC CHECKSUMS:
  Apollo: bec38cb63711f7c3f3c7c2faae3be9139d2a8a57
  RxApolloClient: 8b14b156bc45a1c4572dd3eada814337c6db51c7
  RxCocoa: fcf32050ac00d801f34a7f71d5e8e7f23026dcd8
  RxOptional: 9904e2219d59260c3c171273d475b2126de187e8
  RxRelay: 4f7409406a51a55cd88483f21ed898c234d60f18
  RxSwift: 8b0671caa829a763bbce7271095859121cbd895f

PODFILE CHECKSUM: 241ce112eaaa0b9f6291d2b17e320f15d9e9fc8f

COCOAPODS: 1.8.0
