{
  "object": {
    "pins": [
      {
        "package": "Apollo",
        "repositoryURL": "https://github.com/apollographql/apollo-ios.git",
        "state": {
          "branch": null,
          "revision": "d93568fb58f3eed95c2a0068d830a39a6e9d6c97",
          "version": "0.50.0"
        }
      },
      {
        "package": "RxSwift",
        "repositoryURL": "https://github.com/ReactiveX/RxSwift.git",
        "state": {
          "branch": null,
          "revision": "7c17a6ccca06b5c107cfa4284e634562ddaf5951",
          "version": "6.2.0"
        }
      },
      {
        "package": "SQLite.swift",
        "repositoryURL": "https://github.com/stephencelis/SQLite.swift.git",
        "state": {
          "branch": null,
          "revision": "60a65015f6402b7c34b9a924f755ca0a73afeeaa",
          "version": "0.13.1"
        }
      }
    ]
  },
  "version": 1
}
